{
  "name": "byte-note-collab-service",
  "lockfileVersion": 3,
  "requires": true,
  "packages": {
    "": {
      "name": "byte-note-collab-service",
      "version": "0.1.0",
      "license": "UNLICENSED",
      "dependencies": {
        "ws": "^8.18.0",
        "y-websocket": "^3.0.0",
        "yjs": "^13.6.27"
      }
    }
  }
}

